<?xml version="1.0" encoding="utf-8"?>
<Project ToolsVersion="4.0" xmlns="http://schemas.microsoft.com/developer/msbuild/2003">
  <ItemGroup>
    <Filter Include="Box2D">
      <UniqueIdentifier>{A434E80C-1049-10BE-D9CA-B31D459E0CEF}</UniqueIdentifier>
    </Filter>
    <Filter Include="Box2D\Collision">
      <UniqueIdentifier>{BF8656BB-2B12-C47F-3423-4774A02D2080}</UniqueIdentifier>
    </Filter>
    <Filter Include="Box2D\Collision\Shapes">
      <UniqueIdentifier>{92FC3F84-7EF6-68D6-6763-FFE653FCCE42}</UniqueIdentifier>
    </Filter>
    <Filter Include="Box2D\Common">
      <UniqueIdentifier>{5C21A3F7-4884-329C-F109-6B52DD4BFE1E}</UniqueIdentifier>
    </Filter>
    <Filter Include="Box2D\Dynamics">
      <UniqueIdentifier>{8BFE735C-77CC-6762-6060-D8884CCD43C7}</UniqueIdentifier>
    </Filter>
    <Filter Include="Box2D\Dynamics\Contacts">
      <UniqueIdentifier>{99CD235D-0505-6CF4-0E0F-D0177AC592ED}</UniqueIdentifier>
    </Filter>
    <Filter Include="Box2D\Dynamics\Joints">
      <UniqueIdentifier>{31D1ABEC-9D3D-67E7-6631-FF44D25C894F}</UniqueIdentifier>
    </Filter>
    <Filter Include="Box2D\Rope">
      <UniqueIdentifier>{E918382C-D5D0-7979-3ED8-52D52AAF146A}</UniqueIdentifier>
    </Filter>
    <Filter Include="actions">
      <UniqueIdentifier>{D6EDED1D-42CD-6CB9-4BE5-F78FB743D31A}</UniqueIdentifier>
    </Filter>
    <Filter Include="engine">
      <UniqueIdentifier>{FBDB78FB-E77D-A3D1-D038-B725BC792A22}</UniqueIdentifier>
    </Filter>
    <Filter Include="engine\ai">
      <UniqueIdentifier>{F4721961-60DD-CDD7-A91B-7F7D15C5AB2C}</UniqueIdentifier>
    </Filter>
    <Filter Include="engine\ai\aistates">
      <UniqueIdentifier>{81DF04CB-6DC3-C520-D623-C073C226B0A2}</UniqueIdentifier>
    </Filter>
    <Filter Include="engine\audio">
      <UniqueIdentifier>{5C4A8AB5-48AD-195A-F132-5210DD74E5DC}</UniqueIdentifier>
    </Filter>
    <Filter Include="engine\drawing">
      <UniqueIdentifier>{96E60621-82B4-FA26-6B48-6B4D57B5D68B}</UniqueIdentifier>
    </Filter>
    <Filter Include="engine\input">
      <UniqueIdentifier>{5A6C17B6-46CF-A65A-EF54-DF10DB9672DD}</UniqueIdentifier>
    </Filter>
    <Filter Include="engine\particle">
      <UniqueIdentifier>{7EE6CC5F-EA71-3A24-F382-BD185F8D9624}</UniqueIdentifier>
    </Filter>
    <Filter Include="engine\physics">
      <UniqueIdentifier>{8D421EA7-7910-12AD-62A4-82D34E11EE11}</UniqueIdentifier>
    </Filter>
    <Filter Include="engine\util">
      <UniqueIdentifier>{48344D0D-B4E9-C502-3DDE-BFD9A992BC06}</UniqueIdentifier>
    </Filter>
    <Filter Include="factories">
      <UniqueIdentifier>{251118BC-917B-CC32-DAB9-7DD84663AA87}</UniqueIdentifier>
    </Filter>
    <Filter Include="gamestates">
      <UniqueIdentifier>{53378204-3FEF-C351-A8F6-9CAD94CD5E42}</UniqueIdentifier>
    </Filter>
    <Filter Include="helperclasses">
      <UniqueIdentifier>{F3518FF5-5F12-0B2C-284D-54A994CC4F08}</UniqueIdentifier>
    </Filter>
    <Filter Include="helperclasses\menuitems">
      <UniqueIdentifier>{796EAD19-E5A5-F5B0-EEAF-59D45A661CAA}</UniqueIdentifier>
    </Filter>
    <Filter Include="lib">
      <UniqueIdentifier>{3C8C880B-A895-887C-3111-9F7C9D19947C}</UniqueIdentifier>
    </Filter>
    <Filter Include="model">
      <UniqueIdentifier>{F603F20F-6218-1AC1-2B9A-BD20976D16F2}</UniqueIdentifier>
    </Filter>
    <Filter Include="vendor">
      <UniqueIdentifier>{B3738122-9F15-ACF8-88D0-BF4C74113349}</UniqueIdentifier>
    </Filter>
    <Filter Include="vendor\JSONParser">
      <UniqueIdentifier>{E964B106-557B-AF9C-9EF2-3ABE0A488024}</UniqueIdentifier>
    </Filter>
    <Filter Include="vendor\JSONParser\include">
      <UniqueIdentifier>{5C65A5C3-C827-D94D-11D8-67DA7DD9B12B}</UniqueIdentifier>
    </Filter>
    <Filter Include="vendor\SDL2">
      <UniqueIdentifier>{F7E96DC1-639F-E6B6-EC93-E08D5848DDBA}</UniqueIdentifier>
    </Filter>
    <Filter Include="vendor\SDL2\include">
      <UniqueIdentifier>{6A18E57F-D679-C28D-5FE7-0840CB47F94C}</UniqueIdentifier>
    </Filter>
    <Filter Include="vendor\SDL2_image">
      <UniqueIdentifier>{79D72C4B-E5ED-2AE1-2E65-B6029ABAFB68}</UniqueIdentifier>
    </Filter>
    <Filter Include="vendor\SDL2_image\include">
      <UniqueIdentifier>{EC677243-582A-A6CD-A1DA-345A0DDC7EAB}</UniqueIdentifier>
    </Filter>
    <Filter Include="vendor\SDL2_mixer">
      <UniqueIdentifier>{9B69734B-0780-71E1-50F7-FC02BC4C4269}</UniqueIdentifier>
    </Filter>
    <Filter Include="vendor\SDL2_mixer\include">
      <UniqueIdentifier>{0EFCB19A-7ABE-E524-C36E-74B12F70BE02}</UniqueIdentifier>
    </Filter>
    <Filter Include="vendor\SDL2_ttf">
      <UniqueIdentifier>{4422E639-B0AD-53FE-B9BE-D6F225C9AFFE}</UniqueIdentifier>
    </Filter>
    <Filter Include="vendor\SDL2_ttf\include">
      <UniqueIdentifier>{B74D8332-2385-CBC9-2C8F-2FED9845F2C2}</UniqueIdentifier>
    </Filter>
  </ItemGroup>
  <ItemGroup>
    <ClInclude Include="Box2D\Box2D.h">
      <Filter>Box2D</Filter>
    </ClInclude>
    <ClInclude Include="Box2D\Collision\Shapes\b2ChainShape.h">
      <Filter>Box2D\Collision\Shapes</Filter>
    </ClInclude>
    <ClInclude Include="Box2D\Collision\Shapes\b2CircleShape.h">
      <Filter>Box2D\Collision\Shapes</Filter>
    </ClInclude>
    <ClInclude Include="Box2D\Collision\Shapes\b2EdgeShape.h">
      <Filter>Box2D\Collision\Shapes</Filter>
    </ClInclude>
    <ClInclude Include="Box2D\Collision\Shapes\b2PolygonShape.h">
      <Filter>Box2D\Collision\Shapes</Filter>
    </ClInclude>
    <ClInclude Include="Box2D\Collision\Shapes\b2Shape.h">
      <Filter>Box2D\Collision\Shapes</Filter>
    </ClInclude>
    <ClInclude Include="Box2D\Collision\b2BroadPhase.h">
      <Filter>Box2D\Collision</Filter>
    </ClInclude>
    <ClInclude Include="Box2D\Collision\b2Collision.h">
      <Filter>Box2D\Collision</Filter>
    </ClInclude>
    <ClInclude Include="Box2D\Collision\b2Distance.h">
      <Filter>Box2D\Collision</Filter>
    </ClInclude>
    <ClInclude Include="Box2D\Collision\b2DynamicTree.h">
      <Filter>Box2D\Collision</Filter>
    </ClInclude>
    <ClInclude Include="Box2D\Collision\b2TimeOfImpact.h">
      <Filter>Box2D\Collision</Filter>
    </ClInclude>
    <ClInclude Include="Box2D\Common\b2BlockAllocator.h">
      <Filter>Box2D\Common</Filter>
    </ClInclude>
    <ClInclude Include="Box2D\Common\b2Draw.h">
      <Filter>Box2D\Common</Filter>
    </ClInclude>
    <ClInclude Include="Box2D\Common\b2GrowableStack.h">
      <Filter>Box2D\Common</Filter>
    </ClInclude>
    <ClInclude Include="Box2D\Common\b2Math.h">
      <Filter>Box2D\Common</Filter>
    </ClInclude>
    <ClInclude Include="Box2D\Common\b2Settings.h">
      <Filter>Box2D\Common</Filter>
    </ClInclude>
    <ClInclude Include="Box2D\Common\b2StackAllocator.h">
      <Filter>Box2D\Common</Filter>
    </ClInclude>
    <ClInclude Include="Box2D\Common\b2Timer.h">
      <Filter>Box2D\Common</Filter>
    </ClInclude>
    <ClInclude Include="Box2D\Dynamics\Contacts\b2ChainAndCircleContact.h">
      <Filter>Box2D\Dynamics\Contacts</Filter>
    </ClInclude>
    <ClInclude Include="Box2D\Dynamics\Contacts\b2ChainAndPolygonContact.h">
      <Filter>Box2D\Dynamics\Contacts</Filter>
    </ClInclude>
    <ClInclude Include="Box2D\Dynamics\Contacts\b2CircleContact.h">
      <Filter>Box2D\Dynamics\Contacts</Filter>
    </ClInclude>
    <ClInclude Include="Box2D\Dynamics\Contacts\b2Contact.h">
      <Filter>Box2D\Dynamics\Contacts</Filter>
    </ClInclude>
    <ClInclude Include="Box2D\Dynamics\Contacts\b2ContactSolver.h">
      <Filter>Box2D\Dynamics\Contacts</Filter>
    </ClInclude>
    <ClInclude Include="Box2D\Dynamics\Contacts\b2EdgeAndCircleContact.h">
      <Filter>Box2D\Dynamics\Contacts</Filter>
    </ClInclude>
    <ClInclude Include="Box2D\Dynamics\Contacts\b2EdgeAndPolygonContact.h">
      <Filter>Box2D\Dynamics\Contacts</Filter>
    </ClInclude>
    <ClInclude Include="Box2D\Dynamics\Contacts\b2PolygonAndCircleContact.h">
      <Filter>Box2D\Dynamics\Contacts</Filter>
    </ClInclude>
    <ClInclude Include="Box2D\Dynamics\Contacts\b2PolygonContact.h">
      <Filter>Box2D\Dynamics\Contacts</Filter>
    </ClInclude>
    <ClInclude Include="Box2D\Dynamics\Joints\b2DistanceJoint.h">
      <Filter>Box2D\Dynamics\Joints</Filter>
    </ClInclude>
    <ClInclude Include="Box2D\Dynamics\Joints\b2FrictionJoint.h">
      <Filter>Box2D\Dynamics\Joints</Filter>
    </ClInclude>
    <ClInclude Include="Box2D\Dynamics\Joints\b2GearJoint.h">
      <Filter>Box2D\Dynamics\Joints</Filter>
    </ClInclude>
    <ClInclude Include="Box2D\Dynamics\Joints\b2Joint.h">
      <Filter>Box2D\Dynamics\Joints</Filter>
    </ClInclude>
    <ClInclude Include="Box2D\Dynamics\Joints\b2MotorJoint.h">
      <Filter>Box2D\Dynamics\Joints</Filter>
    </ClInclude>
    <ClInclude Include="Box2D\Dynamics\Joints\b2MouseJoint.h">
      <Filter>Box2D\Dynamics\Joints</Filter>
    </ClInclude>
    <ClInclude Include="Box2D\Dynamics\Joints\b2PrismaticJoint.h">
      <Filter>Box2D\Dynamics\Joints</Filter>
    </ClInclude>
    <ClInclude Include="Box2D\Dynamics\Joints\b2PulleyJoint.h">
      <Filter>Box2D\Dynamics\Joints</Filter>
    </ClInclude>
    <ClInclude Include="Box2D\Dynamics\Joints\b2RevoluteJoint.h">
      <Filter>Box2D\Dynamics\Joints</Filter>
    </ClInclude>
    <ClInclude Include="Box2D\Dynamics\Joints\b2RopeJoint.h">
      <Filter>Box2D\Dynamics\Joints</Filter>
    </ClInclude>
    <ClInclude Include="Box2D\Dynamics\Joints\b2WeldJoint.h">
      <Filter>Box2D\Dynamics\Joints</Filter>
    </ClInclude>
    <ClInclude Include="Box2D\Dynamics\Joints\b2WheelJoint.h">
      <Filter>Box2D\Dynamics\Joints</Filter>
    </ClInclude>
    <ClInclude Include="Box2D\Dynamics\b2Body.h">
      <Filter>Box2D\Dynamics</Filter>
    </ClInclude>
    <ClInclude Include="Box2D\Dynamics\b2ContactManager.h">
      <Filter>Box2D\Dynamics</Filter>
    </ClInclude>
    <ClInclude Include="Box2D\Dynamics\b2Fixture.h">
      <Filter>Box2D\Dynamics</Filter>
    </ClInclude>
    <ClInclude Include="Box2D\Dynamics\b2Island.h">
      <Filter>Box2D\Dynamics</Filter>
    </ClInclude>
    <ClInclude Include="Box2D\Dynamics\b2TimeStep.h">
      <Filter>Box2D\Dynamics</Filter>
    </ClInclude>
    <ClInclude Include="Box2D\Dynamics\b2World.h">
      <Filter>Box2D\Dynamics</Filter>
    </ClInclude>
    <ClInclude Include="Box2D\Dynamics\b2WorldCallbacks.h">
      <Filter>Box2D\Dynamics</Filter>
    </ClInclude>
    <ClInclude Include="Box2D\Rope\b2Rope.h">
      <Filter>Box2D\Rope</Filter>
    </ClInclude>
    <ClInclude Include="ControlsState.h" />
    <ClInclude Include="Game.h" />
    <ClInclude Include="actions\Actions.h">
      <Filter>actions</Filter>
    </ClInclude>
    <ClInclude Include="actions\BlockAction.h">
      <Filter>actions</Filter>
    </ClInclude>
    <ClInclude Include="actions\CharacterAction.h">
      <Filter>actions</Filter>
    </ClInclude>
    <ClInclude Include="actions\JumpAction.h">
      <Filter>actions</Filter>
    </ClInclude>
    <ClInclude Include="actions\LeftWalkAction.h">
      <Filter>actions</Filter>
    </ClInclude>
    <ClInclude Include="actions\LongRangeAttackAction.h">
      <Filter>actions</Filter>
    </ClInclude>
    <ClInclude Include="actions\MidRangeAttackAction.h">
      <Filter>actions</Filter>
    </ClInclude>
    <ClInclude Include="actions\RespawnAction.h">
      <Filter>actions</Filter>
    </ClInclude>
    <ClInclude Include="actions\RightWalkAction.h">
      <Filter>actions</Filter>
    </ClInclude>
    <ClInclude Include="actions\RollAction.h">
      <Filter>actions</Filter>
    </ClInclude>
    <ClInclude Include="engine\Engine.h">
      <Filter>engine</Filter>
    </ClInclude>
    <ClInclude Include="engine\GameBase.h">
      <Filter>engine</Filter>
    </ClInclude>
    <ClInclude Include="engine\GameObject.h">
      <Filter>engine</Filter>
    </ClInclude>
    <ClInclude Include="engine\GameState.h">
      <Filter>engine</Filter>
    </ClInclude>
    <ClInclude Include="engine\GameStateManager.h">
      <Filter>engine</Filter>
    </ClInclude>
    <ClInclude Include="engine\GameTime.h">
      <Filter>engine</Filter>
    </ClInclude>
    <ClInclude Include="engine\MovableGameObject.h">
      <Filter>engine</Filter>
    </ClInclude>
    <ClInclude Include="engine\World.h">
      <Filter>engine</Filter>
    </ClInclude>
    <ClInclude Include="engine\ai\AIMachine.h">
      <Filter>engine\ai</Filter>
    </ClInclude>
    <ClInclude Include="engine\ai\EasyAIMachine.h">
      <Filter>engine\ai</Filter>
    </ClInclude>
    <ClInclude Include="engine\ai\TutorialMachine.h">
      <Filter>engine\ai</Filter>
    </ClInclude>
    <ClInclude Include="engine\ai\aistates\AIState.h">
      <Filter>engine\ai\aistates</Filter>
    </ClInclude>
    <ClInclude Include="engine\ai\aistates\IdleAIState.h">
      <Filter>engine\ai\aistates</Filter>
    </ClInclude>
    <ClInclude Include="engine\ai\aistates\JumpingAIState.h">
      <Filter>engine\ai\aistates</Filter>
    </ClInclude>
    <ClInclude Include="engine\ai\aistates\LongAttackAIState.h">
      <Filter>engine\ai\aistates</Filter>
    </ClInclude>
    <ClInclude Include="engine\ai\aistates\MoveLeftAIState.h">
      <Filter>engine\ai\aistates</Filter>
    </ClInclude>
    <ClInclude Include="engine\ai\aistates\MoveRightAIState.h">
      <Filter>engine\ai\aistates</Filter>
    </ClInclude>
    <ClInclude Include="engine\ai\aistates\MoveToPointAIState.h">
      <Filter>engine\ai\aistates</Filter>
    </ClInclude>
    <ClInclude Include="engine\ai\aistates\ShortAttackAIState.h">
      <Filter>engine\ai\aistates</Filter>
    </ClInclude>
    <ClInclude Include="engine\ai\aistates\TutorialIdleAIState.h">
      <Filter>engine\ai\aistates</Filter>
    </ClInclude>
    <ClInclude Include="engine\audio\AudioEngine.h">
      <Filter>engine\audio</Filter>
    </ClInclude>
    <ClInclude Include="engine\audio\AudioObject.h">
      <Filter>engine\audio</Filter>
    </ClInclude>
    <ClInclude Include="engine\audio\MusicObject.h">
      <Filter>engine\audio</Filter>
    </ClInclude>
    <ClInclude Include="engine\audio\SampleObject.h">
      <Filter>engine\audio</Filter>
    </ClInclude>
    <ClInclude Include="engine\drawing\DrawEngine.h">
      <Filter>engine\drawing</Filter>
    </ClInclude>
    <ClInclude Include="engine\drawing\DynamicTextSurface.h">
      <Filter>engine\drawing</Filter>
    </ClInclude>
    <ClInclude Include="engine\drawing\Rectangle.h">
      <Filter>engine\drawing</Filter>
    </ClInclude>
    <ClInclude Include="engine\drawing\Surface.h">
      <Filter>engine\drawing</Filter>
    </ClInclude>
    <ClInclude Include="engine\drawing\TextSurface.h">
      <Filter>engine\drawing</Filter>
    </ClInclude>
    <ClInclude Include="engine\input\Action.h">
      <Filter>engine\input</Filter>
    </ClInclude>
    <ClInclude Include="engine\input\ControllerInputDeviceBinding.h">
      <Filter>engine\input</Filter>
    </ClInclude>
    <ClInclude Include="engine\input\InputDeviceBinding.h">
      <Filter>engine\input</Filter>
    </ClInclude>
    <ClInclude Include="engine\input\InputEngine.h">
      <Filter>engine\input</Filter>
    </ClInclude>
    <ClInclude Include="engine\input\Joystick.h">
      <Filter>engine\input</Filter>
    </ClInclude>
    <ClInclude Include="engine\input\Mouse.h">
      <Filter>engine\input</Filter>
    </ClInclude>
    <ClInclude Include="engine\particle\Particle.h">
      <Filter>engine\particle</Filter>
    </ClInclude>
    <ClInclude Include="engine\particle\ParticleEngine.h">
      <Filter>engine\particle</Filter>
    </ClInclude>
    <ClInclude Include="engine\particle\ParticleInstance.h">
      <Filter>engine\particle</Filter>
    </ClInclude>
    <ClInclude Include="engine\particle\ParticleSet.h">
      <Filter>engine\particle</Filter>
    </ClInclude>
    <ClInclude Include="engine\physics\AABBDetectionCallBack.h">
      <Filter>engine\physics</Filter>
    </ClInclude>
    <ClInclude Include="engine\physics\ContactListener.h">
      <Filter>engine\physics</Filter>
    </ClInclude>
    <ClInclude Include="engine\physics\KinematicBody.h">
      <Filter>engine\physics</Filter>
    </ClInclude>
    <ClInclude Include="engine\physics\PhysicsEngine.h">
      <Filter>engine\physics</Filter>
    </ClInclude>
    <ClInclude Include="engine\physics\PhysicsEngineActionHandler.h">
      <Filter>engine\physics</Filter>
    </ClInclude>
    <ClInclude Include="engine\physics\RayCastCallBack.h">
      <Filter>engine\physics</Filter>
    </ClInclude>
    <ClInclude Include="engine\util\FileManager.h">
      <Filter>engine\util</Filter>
    </ClInclude>
    <ClInclude Include="engine\util\FileParser.h">
      <Filter>engine\util</Filter>
    </ClInclude>
    <ClInclude Include="factories\CharacterFactory.h">
      <Filter>factories</Filter>
    </ClInclude>
    <ClInclude Include="gamestates\CharacterSelectionState.h">
      <Filter>gamestates</Filter>
    </ClInclude>
    <ClInclude Include="gamestates\CreateLevelState.h">
      <Filter>gamestates</Filter>
    </ClInclude>
    <ClInclude Include="gamestates\CreditsState.h">
      <Filter>gamestates</Filter>
    </ClInclude>
    <ClInclude Include="gamestates\GameModeState.h">
      <Filter>gamestates</Filter>
    </ClInclude>
    <ClInclude Include="gamestates\GameOverState.h">
      <Filter>gamestates</Filter>
    </ClInclude>
    <ClInclude Include="gamestates\GameOverSurvivalState.h">
      <Filter>gamestates</Filter>
    </ClInclude>
    <ClInclude Include="gamestates\HelpState.h">
      <Filter>gamestates</Filter>
    </ClInclude>
    <ClInclude Include="gamestates\HighScoreInputState.h">
      <Filter>gamestates</Filter>
    </ClInclude>
    <ClInclude Include="gamestates\HighScoreState.h">
      <Filter>gamestates</Filter>
    </ClInclude>
    <ClInclude Include="gamestates\IntroState.h">
      <Filter>gamestates</Filter>
    </ClInclude>
    <ClInclude Include="gamestates\LevelSelectionState.h">
      <Filter>gamestates</Filter>
    </ClInclude>
    <ClInclude Include="gamestates\LoadingPlayBackState.h">
      <Filter>gamestates</Filter>
    </ClInclude>
    <ClInclude Include="gamestates\LoadingSinglePlayerState.h">
      <Filter>gamestates</Filter>
    </ClInclude>
    <ClInclude Include="gamestates\LoadingState.h">
      <Filter>gamestates</Filter>
    </ClInclude>
    <ClInclude Include="gamestates\LoadingSurvivalState.h">
      <Filter>gamestates</Filter>
    </ClInclude>
    <ClInclude Include="gamestates\MainMenuState.h">
      <Filter>gamestates</Filter>
    </ClInclude>
    <ClInclude Include="gamestates\MenuState.h">
      <Filter>gamestates</Filter>
    </ClInclude>
    <ClInclude Include="gamestates\OptionsState.h">
      <Filter>gamestates</Filter>
    </ClInclude>
    <ClInclude Include="gamestates\PauseState.h">
      <Filter>gamestates</Filter>
    </ClInclude>
    <ClInclude Include="gamestates\PlayBackState.h">
      <Filter>gamestates</Filter>
    </ClInclude>
    <ClInclude Include="gamestates\PlayState.h">
      <Filter>gamestates</Filter>
    </ClInclude>
    <ClInclude Include="gamestates\ProgressDeleteState.h">
      <Filter>gamestates</Filter>
    </ClInclude>
    <ClInclude Include="gamestates\ProgressLoadState.h">
      <Filter>gamestates</Filter>
    </ClInclude>
    <ClInclude Include="gamestates\ProgressSaveState.h">
      <Filter>gamestates</Filter>
    </ClInclude>
    <ClInclude Include="gamestates\ProgressState.h">
      <Filter>gamestates</Filter>
    </ClInclude>
    <ClInclude Include="gamestates\SelectionState.h">
      <Filter>gamestates</Filter>
    </ClInclude>
    <ClInclude Include="gamestates\StatisticsState.h">
      <Filter>gamestates</Filter>
    </ClInclude>
    <ClInclude Include="gamestates\TutorialState.h">
      <Filter>gamestates</Filter>
    </ClInclude>
    <ClInclude Include="gamestates\UnlockedState.h">
      <Filter>gamestates</Filter>
    </ClInclude>
    <ClInclude Include="helperclasses\ConfigManager.h">
      <Filter>helperclasses</Filter>
    </ClInclude>
    <ClInclude Include="helperclasses\Editor.h">
      <Filter>helperclasses</Filter>
    </ClInclude>
    <ClInclude Include="helperclasses\HUD.h">
      <Filter>helperclasses</Filter>
    </ClInclude>
    <ClInclude Include="helperclasses\Menu.h">
      <Filter>helperclasses</Filter>
    </ClInclude>
    <ClInclude Include="helperclasses\MenuItem.h">
      <Filter>helperclasses</Filter>
    </ClInclude>
    <ClInclude Include="helperclasses\ProgressManager.h">
      <Filter>helperclasses</Filter>
    </ClInclude>
    <ClInclude Include="helperclasses\RandomGenerator.h">
      <Filter>helperclasses</Filter>
    </ClInclude>
    <ClInclude Include="helperclasses\Recorder.h">
      <Filter>helperclasses</Filter>
    </ClInclude>
    <ClInclude Include="helperclasses\menuitems\MenuTextItem.h">
      <Filter>helperclasses\menuitems</Filter>
    </ClInclude>
    <ClInclude Include="lib\JSONParser.h">
      <Filter>lib</Filter>
    </ClInclude>
    <ClInclude Include="model\AICharacter.h">
      <Filter>model</Filter>
    </ClInclude>
    <ClInclude Include="model\Character.h">
      <Filter>model</Filter>
    </ClInclude>
    <ClInclude Include="model\CharacterState.h">
      <Filter>model</Filter>
    </ClInclude>
    <ClInclude Include="model\Item.h">
      <Filter>model</Filter>
    </ClInclude>
    <ClInclude Include="model\MovablePlatform.h">
      <Filter>model</Filter>
    </ClInclude>
    <ClInclude Include="model\Platform.h">
      <Filter>model</Filter>
    </ClInclude>
    <ClInclude Include="model\Weapon.h">
      <Filter>model</Filter>
    </ClInclude>
    <ClInclude Include="resource.h" />
    <ClInclude Include="resource1.h" />
    <ClInclude Include="vendor\JSONParser\include\JSONParser.h">
      <Filter>vendor\JSONParser\include</Filter>
    </ClInclude>
    <ClInclude Include="vendor\SDL2\include\SDL.h">
      <Filter>vendor\SDL2\include</Filter>
    </ClInclude>
    <ClInclude Include="vendor\SDL2\include\SDL_assert.h">
      <Filter>vendor\SDL2\include</Filter>
    </ClInclude>
    <ClInclude Include="vendor\SDL2\include\SDL_atomic.h">
      <Filter>vendor\SDL2\include</Filter>
    </ClInclude>
    <ClInclude Include="vendor\SDL2\include\SDL_audio.h">
      <Filter>vendor\SDL2\include</Filter>
    </ClInclude>
    <ClInclude Include="vendor\SDL2\include\SDL_bits.h">
      <Filter>vendor\SDL2\include</Filter>
    </ClInclude>
    <ClInclude Include="vendor\SDL2\include\SDL_blendmode.h">
      <Filter>vendor\SDL2\include</Filter>
    </ClInclude>
    <ClInclude Include="vendor\SDL2\include\SDL_clipboard.h">
      <Filter>vendor\SDL2\include</Filter>
    </ClInclude>
    <ClInclude Include="vendor\SDL2\include\SDL_config.h">
      <Filter>vendor\SDL2\include</Filter>
    </ClInclude>
    <ClInclude Include="vendor\SDL2\include\SDL_config_android.h">
      <Filter>vendor\SDL2\include</Filter>
    </ClInclude>
    <ClInclude Include="vendor\SDL2\include\SDL_config_iphoneos.h">
      <Filter>vendor\SDL2\include</Filter>
    </ClInclude>
    <ClInclude Include="vendor\SDL2\include\SDL_config_macosx.h">
      <Filter>vendor\SDL2\include</Filter>
    </ClInclude>
    <ClInclude Include="vendor\SDL2\include\SDL_config_minimal.h">
      <Filter>vendor\SDL2\include</Filter>
    </ClInclude>
    <ClInclude Include="vendor\SDL2\include\SDL_config_pandora.h">
      <Filter>vendor\SDL2\include</Filter>
    </ClInclude>
    <ClInclude Include="vendor\SDL2\include\SDL_config_psp.h">
      <Filter>vendor\SDL2\include</Filter>
    </ClInclude>
    <ClInclude Include="vendor\SDL2\include\SDL_config_windows.h">
      <Filter>vendor\SDL2\include</Filter>
    </ClInclude>
    <ClInclude Include="vendor\SDL2\include\SDL_config_winrt.h">
      <Filter>vendor\SDL2\include</Filter>
    </ClInclude>
    <ClInclude Include="vendor\SDL2\include\SDL_config_wiz.h">
      <Filter>vendor\SDL2\include</Filter>
    </ClInclude>
    <ClInclude Include="vendor\SDL2\include\SDL_copying.h">
      <Filter>vendor\SDL2\include</Filter>
    </ClInclude>
    <ClInclude Include="vendor\SDL2\include\SDL_cpuinfo.h">
      <Filter>vendor\SDL2\include</Filter>
    </ClInclude>
    <ClInclude Include="vendor\SDL2\include\SDL_egl.h">
      <Filter>vendor\SDL2\include</Filter>
    </ClInclude>
    <ClInclude Include="vendor\SDL2\include\SDL_endian.h">
      <Filter>vendor\SDL2\include</Filter>
    </ClInclude>
    <ClInclude Include="vendor\SDL2\include\SDL_error.h">
      <Filter>vendor\SDL2\include</Filter>
    </ClInclude>
    <ClInclude Include="vendor\SDL2\include\SDL_events.h">
      <Filter>vendor\SDL2\include</Filter>
    </ClInclude>
    <ClInclude Include="vendor\SDL2\include\SDL_filesystem.h">
      <Filter>vendor\SDL2\include</Filter>
    </ClInclude>
    <ClInclude Include="vendor\SDL2\include\SDL_gamecontroller.h">
      <Filter>vendor\SDL2\include</Filter>
    </ClInclude>
    <ClInclude Include="vendor\SDL2\include\SDL_gesture.h">
      <Filter>vendor\SDL2\include</Filter>
    </ClInclude>
    <ClInclude Include="vendor\SDL2\include\SDL_haptic.h">
      <Filter>vendor\SDL2\include</Filter>
    </ClInclude>
    <ClInclude Include="vendor\SDL2\include\SDL_hints.h">
      <Filter>vendor\SDL2\include</Filter>
    </ClInclude>
    <ClInclude Include="vendor\SDL2\include\SDL_joystick.h">
      <Filter>vendor\SDL2\include</Filter>
    </ClInclude>
    <ClInclude Include="vendor\SDL2\include\SDL_keyboard.h">
      <Filter>vendor\SDL2\include</Filter>
    </ClInclude>
    <ClInclude Include="vendor\SDL2\include\SDL_keycode.h">
      <Filter>vendor\SDL2\include</Filter>
    </ClInclude>
    <ClInclude Include="vendor\SDL2\include\SDL_loadso.h">
      <Filter>vendor\SDL2\include</Filter>
    </ClInclude>
    <ClInclude Include="vendor\SDL2\include\SDL_locale.h">
      <Filter>vendor\SDL2\include</Filter>
    </ClInclude>
    <ClInclude Include="vendor\SDL2\include\SDL_log.h">
      <Filter>vendor\SDL2\include</Filter>
    </ClInclude>
    <ClInclude Include="vendor\SDL2\include\SDL_main.h">
      <Filter>vendor\SDL2\include</Filter>
    </ClInclude>
    <ClInclude Include="vendor\SDL2\include\SDL_messagebox.h">
      <Filter>vendor\SDL2\include</Filter>
    </ClInclude>
    <ClInclude Include="vendor\SDL2\include\SDL_metal.h">
      <Filter>vendor\SDL2\include</Filter>
    </ClInclude>
    <ClInclude Include="vendor\SDL2\include\SDL_misc.h">
      <Filter>vendor\SDL2\include</Filter>
    </ClInclude>
    <ClInclude Include="vendor\SDL2\include\SDL_mouse.h">
      <Filter>vendor\SDL2\include</Filter>
    </ClInclude>
    <ClInclude Include="vendor\SDL2\include\SDL_mutex.h">
      <Filter>vendor\SDL2\include</Filter>
    </ClInclude>
    <ClInclude Include="vendor\SDL2\include\SDL_name.h">
      <Filter>vendor\SDL2\include</Filter>
    </ClInclude>
    <ClInclude Include="vendor\SDL2\include\SDL_opengl.h">
      <Filter>vendor\SDL2\include</Filter>
    </ClInclude>
    <ClInclude Include="vendor\SDL2\include\SDL_opengl_glext.h">
      <Filter>vendor\SDL2\include</Filter>
    </ClInclude>
    <ClInclude Include="vendor\SDL2\include\SDL_opengles.h">
      <Filter>vendor\SDL2\include</Filter>
    </ClInclude>
    <ClInclude Include="vendor\SDL2\include\SDL_opengles2.h">
      <Filter>vendor\SDL2\include</Filter>
    </ClInclude>
    <ClInclude Include="vendor\SDL2\include\SDL_opengles2_gl2.h">
      <Filter>vendor\SDL2\include</Filter>
    </ClInclude>
    <ClInclude Include="vendor\SDL2\include\SDL_opengles2_gl2ext.h">
      <Filter>vendor\SDL2\include</Filter>
    </ClInclude>
    <ClInclude Include="vendor\SDL2\include\SDL_opengles2_gl2platform.h">
      <Filter>vendor\SDL2\include</Filter>
    </ClInclude>
    <ClInclude Include="vendor\SDL2\include\SDL_opengles2_khrplatform.h">
      <Filter>vendor\SDL2\include</Filter>
    </ClInclude>
    <ClInclude Include="vendor\SDL2\include\SDL_pixels.h">
      <Filter>vendor\SDL2\include</Filter>
    </ClInclude>
    <ClInclude Include="vendor\SDL2\include\SDL_platform.h">
      <Filter>vendor\SDL2\include</Filter>
    </ClInclude>
    <ClInclude Include="vendor\SDL2\include\SDL_power.h">
      <Filter>vendor\SDL2\include</Filter>
    </ClInclude>
    <ClInclude Include="vendor\SDL2\include\SDL_quit.h">
      <Filter>vendor\SDL2\include</Filter>
    </ClInclude>
    <ClInclude Include="vendor\SDL2\include\SDL_rect.h">
      <Filter>vendor\SDL2\include</Filter>
    </ClInclude>
    <ClInclude Include="vendor\SDL2\include\SDL_render.h">
      <Filter>vendor\SDL2\include</Filter>
    </ClInclude>
    <ClInclude Include="vendor\SDL2\include\SDL_revision.h">
      <Filter>vendor\SDL2\include</Filter>
    </ClInclude>
    <ClInclude Include="vendor\SDL2\include\SDL_rwops.h">
      <Filter>vendor\SDL2\include</Filter>
    </ClInclude>
    <ClInclude Include="vendor\SDL2\include\SDL_scancode.h">
      <Filter>vendor\SDL2\include</Filter>
    </ClInclude>
    <ClInclude Include="vendor\SDL2\include\SDL_sensor.h">
      <Filter>vendor\SDL2\include</Filter>
    </ClInclude>
    <ClInclude Include="vendor\SDL2\include\SDL_shape.h">
      <Filter>vendor\SDL2\include</Filter>
    </ClInclude>
    <ClInclude Include="vendor\SDL2\include\SDL_stdinc.h">
      <Filter>vendor\SDL2\include</Filter>
    </ClInclude>
    <ClInclude Include="vendor\SDL2\include\SDL_surface.h">
      <Filter>vendor\SDL2\include</Filter>
    </ClInclude>
    <ClInclude Include="vendor\SDL2\include\SDL_system.h">
      <Filter>vendor\SDL2\include</Filter>
    </ClInclude>
    <ClInclude Include="vendor\SDL2\include\SDL_syswm.h">
      <Filter>vendor\SDL2\include</Filter>
    </ClInclude>
    <ClInclude Include="vendor\SDL2\include\SDL_test.h">
      <Filter>vendor\SDL2\include</Filter>
    </ClInclude>
    <ClInclude Include="vendor\SDL2\include\SDL_test_assert.h">
      <Filter>vendor\SDL2\include</Filter>
    </ClInclude>
    <ClInclude Include="vendor\SDL2\include\SDL_test_common.h">
      <Filter>vendor\SDL2\include</Filter>
    </ClInclude>
    <ClInclude Include="vendor\SDL2\include\SDL_test_compare.h">
      <Filter>vendor\SDL2\include</Filter>
    </ClInclude>
    <ClInclude Include="vendor\SDL2\include\SDL_test_crc32.h">
      <Filter>vendor\SDL2\include</Filter>
    </ClInclude>
    <ClInclude Include="vendor\SDL2\include\SDL_test_font.h">
      <Filter>vendor\SDL2\include</Filter>
    </ClInclude>
    <ClInclude Include="vendor\SDL2\include\SDL_test_fuzzer.h">
      <Filter>vendor\SDL2\include</Filter>
    </ClInclude>
    <ClInclude Include="vendor\SDL2\include\SDL_test_harness.h">
      <Filter>vendor\SDL2\include</Filter>
    </ClInclude>
    <ClInclude Include="vendor\SDL2\include\SDL_test_images.h">
      <Filter>vendor\SDL2\include</Filter>
    </ClInclude>
    <ClInclude Include="vendor\SDL2\include\SDL_test_log.h">
      <Filter>vendor\SDL2\include</Filter>
    </ClInclude>
    <ClInclude Include="vendor\SDL2\include\SDL_test_md5.h">
      <Filter>vendor\SDL2\include</Filter>
    </ClInclude>
    <ClInclude Include="vendor\SDL2\include\SDL_test_memory.h">
      <Filter>vendor\SDL2\include</Filter>
    </ClInclude>
    <ClInclude Include="vendor\SDL2\include\SDL_test_random.h">
      <Filter>vendor\SDL2\include</Filter>
    </ClInclude>
    <ClInclude Include="vendor\SDL2\include\SDL_thread.h">
      <Filter>vendor\SDL2\include</Filter>
    </ClInclude>
    <ClInclude Include="vendor\SDL2\include\SDL_timer.h">
      <Filter>vendor\SDL2\include</Filter>
    </ClInclude>
    <ClInclude Include="vendor\SDL2\include\SDL_touch.h">
      <Filter>vendor\SDL2\include</Filter>
    </ClInclude>
    <ClInclude Include="vendor\SDL2\include\SDL_types.h">
      <Filter>vendor\SDL2\include</Filter>
    </ClInclude>
    <ClInclude Include="vendor\SDL2\include\SDL_version.h">
      <Filter>vendor\SDL2\include</Filter>
    </ClInclude>
    <ClInclude Include="vendor\SDL2\include\SDL_video.h">
      <Filter>vendor\SDL2\include</Filter>
    </ClInclude>
    <ClInclude Include="vendor\SDL2\include\SDL_vulkan.h">
      <Filter>vendor\SDL2\include</Filter>
    </ClInclude>
    <ClInclude Include="vendor\SDL2\include\begin_code.h">
      <Filter>vendor\SDL2\include</Filter>
    </ClInclude>
    <ClInclude Include="vendor\SDL2\include\close_code.h">
      <Filter>vendor\SDL2\include</Filter>
    </ClInclude>
    <ClInclude Include="vendor\SDL2_image\include\SDL_image.h">
      <Filter>vendor\SDL2_image\include</Filter>
    </ClInclude>
    <ClInclude Include="vendor\SDL2_mixer\include\SDL_mixer.h">
      <Filter>vendor\SDL2_mixer\include</Filter>
    </ClInclude>
    <ClInclude Include="vendor\SDL2_ttf\include\SDL_ttf.h">
      <Filter>vendor\SDL2_ttf\include</Filter>
    </ClInclude>
  </ItemGroup>
  <ItemGroup>
    <ClCompile Include="Box2D\Collision\Shapes\b2ChainShape.cpp">
      <Filter>Box2D\Collision\Shapes</Filter>
    </ClCompile>
    <ClCompile Include="Box2D\Collision\Shapes\b2CircleShape.cpp">
      <Filter>Box2D\Collision\Shapes</Filter>
    </ClCompile>
    <ClCompile Include="Box2D\Collision\Shapes\b2EdgeShape.cpp">
      <Filter>Box2D\Collision\Shapes</Filter>
    </ClCompile>
    <ClCompile Include="Box2D\Collision\Shapes\b2PolygonShape.cpp">
      <Filter>Box2D\Collision\Shapes</Filter>
    </ClCompile>
    <ClCompile Include="Box2D\Collision\b2BroadPhase.cpp">
      <Filter>Box2D\Collision</Filter>
    </ClCompile>
    <ClCompile Include="Box2D\Collision\b2CollideCircle.cpp">
      <Filter>Box2D\Collision</Filter>
    </ClCompile>
    <ClCompile Include="Box2D\Collision\b2CollideEdge.cpp">
      <Filter>Box2D\Collision</Filter>
    </ClCompile>
    <ClCompile Include="Box2D\Collision\b2CollidePolygon.cpp">
      <Filter>Box2D\Collision</Filter>
    </ClCompile>
    <ClCompile Include="Box2D\Collision\b2Collision.cpp">
      <Filter>Box2D\Collision</Filter>
    </ClCompile>
    <ClCompile Include="Box2D\Collision\b2Distance.cpp">
      <Filter>Box2D\Collision</Filter>
    </ClCompile>
    <ClCompile Include="Box2D\Collision\b2DynamicTree.cpp">
      <Filter>Box2D\Collision</Filter>
    </ClCompile>
    <ClCompile Include="Box2D\Collision\b2TimeOfImpact.cpp">
      <Filter>Box2D\Collision</Filter>
    </ClCompile>
    <ClCompile Include="Box2D\Common\b2BlockAllocator.cpp">
      <Filter>Box2D\Common</Filter>
    </ClCompile>
    <ClCompile Include="Box2D\Common\b2Draw.cpp">
      <Filter>Box2D\Common</Filter>
    </ClCompile>
    <ClCompile Include="Box2D\Common\b2Math.cpp">
      <Filter>Box2D\Common</Filter>
    </ClCompile>
    <ClCompile Include="Box2D\Common\b2Settings.cpp">
      <Filter>Box2D\Common</Filter>
    </ClCompile>
    <ClCompile Include="Box2D\Common\b2StackAllocator.cpp">
      <Filter>Box2D\Common</Filter>
    </ClCompile>
    <ClCompile Include="Box2D\Common\b2Timer.cpp">
      <Filter>Box2D\Common</Filter>
    </ClCompile>
    <ClCompile Include="Box2D\Dynamics\Contacts\b2ChainAndCircleContact.cpp">
      <Filter>Box2D\Dynamics\Contacts</Filter>
    </ClCompile>
    <ClCompile Include="Box2D\Dynamics\Contacts\b2ChainAndPolygonContact.cpp">
      <Filter>Box2D\Dynamics\Contacts</Filter>
    </ClCompile>
    <ClCompile Include="Box2D\Dynamics\Contacts\b2CircleContact.cpp">
      <Filter>Box2D\Dynamics\Contacts</Filter>
    </ClCompile>
    <ClCompile Include="Box2D\Dynamics\Contacts\b2Contact.cpp">
      <Filter>Box2D\Dynamics\Contacts</Filter>
    </ClCompile>
    <ClCompile Include="Box2D\Dynamics\Contacts\b2ContactSolver.cpp">
      <Filter>Box2D\Dynamics\Contacts</Filter>
    </ClCompile>
    <ClCompile Include="Box2D\Dynamics\Contacts\b2EdgeAndCircleContact.cpp">
      <Filter>Box2D\Dynamics\Contacts</Filter>
    </ClCompile>
    <ClCompile Include="Box2D\Dynamics\Contacts\b2EdgeAndPolygonContact.cpp">
      <Filter>Box2D\Dynamics\Contacts</Filter>
    </ClCompile>
    <ClCompile Include="Box2D\Dynamics\Contacts\b2PolygonAndCircleContact.cpp">
      <Filter>Box2D\Dynamics\Contacts</Filter>
    </ClCompile>
    <ClCompile Include="Box2D\Dynamics\Contacts\b2PolygonContact.cpp">
      <Filter>Box2D\Dynamics\Contacts</Filter>
    </ClCompile>
    <ClCompile Include="Box2D\Dynamics\Joints\b2DistanceJoint.cpp">
      <Filter>Box2D\Dynamics\Joints</Filter>
    </ClCompile>
    <ClCompile Include="Box2D\Dynamics\Joints\b2FrictionJoint.cpp">
      <Filter>Box2D\Dynamics\Joints</Filter>
    </ClCompile>
    <ClCompile Include="Box2D\Dynamics\Joints\b2GearJoint.cpp">
      <Filter>Box2D\Dynamics\Joints</Filter>
    </ClCompile>
    <ClCompile Include="Box2D\Dynamics\Joints\b2Joint.cpp">
      <Filter>Box2D\Dynamics\Joints</Filter>
    </ClCompile>
    <ClCompile Include="Box2D\Dynamics\Joints\b2MotorJoint.cpp">
      <Filter>Box2D\Dynamics\Joints</Filter>
    </ClCompile>
    <ClCompile Include="Box2D\Dynamics\Joints\b2MouseJoint.cpp">
      <Filter>Box2D\Dynamics\Joints</Filter>
    </ClCompile>
    <ClCompile Include="Box2D\Dynamics\Joints\b2PrismaticJoint.cpp">
      <Filter>Box2D\Dynamics\Joints</Filter>
    </ClCompile>
    <ClCompile Include="Box2D\Dynamics\Joints\b2PulleyJoint.cpp">
      <Filter>Box2D\Dynamics\Joints</Filter>
    </ClCompile>
    <ClCompile Include="Box2D\Dynamics\Joints\b2RevoluteJoint.cpp">
      <Filter>Box2D\Dynamics\Joints</Filter>
    </ClCompile>
    <ClCompile Include="Box2D\Dynamics\Joints\b2RopeJoint.cpp">
      <Filter>Box2D\Dynamics\Joints</Filter>
    </ClCompile>
    <ClCompile Include="Box2D\Dynamics\Joints\b2WeldJoint.cpp">
      <Filter>Box2D\Dynamics\Joints</Filter>
    </ClCompile>
    <ClCompile Include="Box2D\Dynamics\Joints\b2WheelJoint.cpp">
      <Filter>Box2D\Dynamics\Joints</Filter>
    </ClCompile>
    <ClCompile Include="Box2D\Dynamics\b2Body.cpp">
      <Filter>Box2D\Dynamics</Filter>
    </ClCompile>
    <ClCompile Include="Box2D\Dynamics\b2ContactManager.cpp">
      <Filter>Box2D\Dynamics</Filter>
    </ClCompile>
    <ClCompile Include="Box2D\Dynamics\b2Fixture.cpp">
      <Filter>Box2D\Dynamics</Filter>
    </ClCompile>
    <ClCompile Include="Box2D\Dynamics\b2Island.cpp">
      <Filter>Box2D\Dynamics</Filter>
    </ClCompile>
    <ClCompile Include="Box2D\Dynamics\b2World.cpp">
      <Filter>Box2D\Dynamics</Filter>
    </ClCompile>
    <ClCompile Include="Box2D\Dynamics\b2WorldCallbacks.cpp">
      <Filter>Box2D\Dynamics</Filter>
    </ClCompile>
    <ClCompile Include="Box2D\Rope\b2Rope.cpp">
      <Filter>Box2D\Rope</Filter>
    </ClCompile>
    <ClCompile Include="ControlsState.cpp" />
    <ClCompile Include="actions\BlockAction.cpp">
      <Filter>actions</Filter>
    </ClCompile>
    <ClCompile Include="actions\CharacterAction.cpp">
      <Filter>actions</Filter>
    </ClCompile>
    <ClCompile Include="actions\JumpAction.cpp">
      <Filter>actions</Filter>
    </ClCompile>
    <ClCompile Include="actions\LeftWalkAction.cpp">
      <Filter>actions</Filter>
    </ClCompile>
    <ClCompile Include="actions\LongRangeAttackAction.cpp">
      <Filter>actions</Filter>
    </ClCompile>
    <ClCompile Include="actions\MidRangeAttackAction.cpp">
      <Filter>actions</Filter>
    </ClCompile>
    <ClCompile Include="actions\RespawnAction.cpp">
      <Filter>actions</Filter>
    </ClCompile>
    <ClCompile Include="actions\RightWalkAction.cpp">
      <Filter>actions</Filter>
    </ClCompile>
    <ClCompile Include="actions\RollAction.cpp">
      <Filter>actions</Filter>
    </ClCompile>
    <ClCompile Include="engine\Engine.cpp">
      <Filter>engine</Filter>
    </ClCompile>
    <ClCompile Include="engine\GameBase.cpp">
      <Filter>engine</Filter>
    </ClCompile>
    <ClCompile Include="engine\GameObject.cpp">
      <Filter>engine</Filter>
    </ClCompile>
    <ClCompile Include="engine\GameStateManager.cpp">
      <Filter>engine</Filter>
    </ClCompile>
    <ClCompile Include="engine\GameTime.cpp">
      <Filter>engine</Filter>
    </ClCompile>
    <ClCompile Include="engine\MovableGameObject.cpp">
      <Filter>engine</Filter>
    </ClCompile>
    <ClCompile Include="engine\World.cpp">
      <Filter>engine</Filter>
    </ClCompile>
    <ClCompile Include="engine\ai\AIMachine.cpp">
      <Filter>engine\ai</Filter>
    </ClCompile>
    <ClCompile Include="engine\ai\EasyAIMachine.cpp">
      <Filter>engine\ai</Filter>
    </ClCompile>
    <ClCompile Include="engine\ai\TutorialMachine.cpp">
      <Filter>engine\ai</Filter>
    </ClCompile>
    <ClCompile Include="engine\ai\aistates\IdleAIState.cpp">
      <Filter>engine\ai\aistates</Filter>
    </ClCompile>
    <ClCompile Include="engine\ai\aistates\JumpingAIState.cpp">
      <Filter>engine\ai\aistates</Filter>
    </ClCompile>
    <ClCompile Include="engine\ai\aistates\LongAttackAIState.cpp">
      <Filter>engine\ai\aistates</Filter>
    </ClCompile>
    <ClCompile Include="engine\ai\aistates\MoveLeftAIState.cpp">
      <Filter>engine\ai\aistates</Filter>
    </ClCompile>
    <ClCompile Include="engine\ai\aistates\MoveRightAIState.cpp">
      <Filter>engine\ai\aistates</Filter>
    </ClCompile>
    <ClCompile Include="engine\ai\aistates\MoveToPointAIState.cpp">
      <Filter>engine\ai\aistates</Filter>
    </ClCompile>
    <ClCompile Include="engine\ai\aistates\ShortAttackAIState.cpp">
      <Filter>engine\ai\aistates</Filter>
    </ClCompile>
    <ClCompile Include="engine\ai\aistates\TutorialIdleAIState.cpp">
      <Filter>engine\ai\aistates</Filter>
    </ClCompile>
    <ClCompile Include="engine\audio\AudioEngine.cpp">
      <Filter>engine\audio</Filter>
    </ClCompile>
    <ClCompile Include="engine\audio\MusicObject.cpp">
      <Filter>engine\audio</Filter>
    </ClCompile>
    <ClCompile Include="engine\audio\SampleObject.cpp">
      <Filter>engine\audio</Filter>
    </ClCompile>
    <ClCompile Include="engine\drawing\DrawEngine.cpp">
      <Filter>engine\drawing</Filter>
    </ClCompile>
    <ClCompile Include="engine\drawing\DynamicTextSurface.cpp">
      <Filter>engine\drawing</Filter>
    </ClCompile>
    <ClCompile Include="engine\drawing\Rectangle.cpp">
      <Filter>engine\drawing</Filter>
    </ClCompile>
    <ClCompile Include="engine\drawing\Surface.cpp">
      <Filter>engine\drawing</Filter>
    </ClCompile>
    <ClCompile Include="engine\drawing\TextSurface.cpp">
      <Filter>engine\drawing</Filter>
    </ClCompile>
    <ClCompile Include="engine\input\ControllerInputDeviceBinding.cpp">
      <Filter>engine\input</Filter>
    </ClCompile>
    <ClCompile Include="engine\input\InputDeviceBinding.cpp">
      <Filter>engine\input</Filter>
    </ClCompile>
    <ClCompile Include="engine\input\InputEngine.cpp">
      <Filter>engine\input</Filter>
    </ClCompile>
    <ClCompile Include="engine\input\Joystick.cpp">
      <Filter>engine\input</Filter>
    </ClCompile>
    <ClCompile Include="engine\input\Mouse.cpp">
      <Filter>engine\input</Filter>
    </ClCompile>
    <ClCompile Include="engine\particle\Particle.cpp">
      <Filter>engine\particle</Filter>
    </ClCompile>
    <ClCompile Include="engine\particle\ParticleEngine.cpp">
      <Filter>engine\particle</Filter>
    </ClCompile>
    <ClCompile Include="engine\particle\ParticleInstance.cpp">
      <Filter>engine\particle</Filter>
    </ClCompile>
    <ClCompile Include="engine\particle\ParticleSet.cpp">
      <Filter>engine\particle</Filter>
    </ClCompile>
    <ClCompile Include="engine\physics\AABBDetectionCallBack.cpp">
      <Filter>engine\physics</Filter>
    </ClCompile>
    <ClCompile Include="engine\physics\ContactListener.cpp">
      <Filter>engine\physics</Filter>
    </ClCompile>
    <ClCompile Include="engine\physics\KinematicBody.cpp">
      <Filter>engine\physics</Filter>
    </ClCompile>
    <ClCompile Include="engine\physics\PhysicsEngine.cpp">
      <Filter>engine\physics</Filter>
    </ClCompile>
    <ClCompile Include="engine\physics\PhysicsEngineActionHandler.cpp">
      <Filter>engine\physics</Filter>
    </ClCompile>
    <ClCompile Include="engine\physics\RayCastCallBack.cpp">
      <Filter>engine\physics</Filter>
    </ClCompile>
    <ClCompile Include="engine\util\FileManager.cpp">
      <Filter>engine\util</Filter>
    </ClCompile>
    <ClCompile Include="engine\util\FileParser.cpp">
      <Filter>engine\util</Filter>
    </ClCompile>
    <ClCompile Include="factories\CharacterFactory.cpp">
      <Filter>factories</Filter>
    </ClCompile>
    <ClCompile Include="game.cpp" />
    <ClCompile Include="gamestates\CharacterSelectionState.cpp">
      <Filter>gamestates</Filter>
    </ClCompile>
    <ClCompile Include="gamestates\CreateLevelState.cpp">
      <Filter>gamestates</Filter>
    </ClCompile>
    <ClCompile Include="gamestates\CreditsState.cpp">
      <Filter>gamestates</Filter>
    </ClCompile>
    <ClCompile Include="gamestates\GameModeState.cpp">
      <Filter>gamestates</Filter>
    </ClCompile>
    <ClCompile Include="gamestates\GameOverState.cpp">
      <Filter>gamestates</Filter>
    </ClCompile>
    <ClCompile Include="gamestates\GameOverSurvivalState.cpp">
      <Filter>gamestates</Filter>
    </ClCompile>
    <ClCompile Include="gamestates\HelpState.cpp">
      <Filter>gamestates</Filter>
    </ClCompile>
    <ClCompile Include="gamestates\HighScoreInputState.cpp">
      <Filter>gamestates</Filter>
    </ClCompile>
    <ClCompile Include="gamestates\HighScoreState.cpp">
      <Filter>gamestates</Filter>
    </ClCompile>
    <ClCompile Include="gamestates\IntroState.cpp">
      <Filter>gamestates</Filter>
    </ClCompile>
    <ClCompile Include="gamestates\LevelSelectionState.cpp">
      <Filter>gamestates</Filter>
    </ClCompile>
    <ClCompile Include="gamestates\LoadingPlayBackState.cpp">
      <Filter>gamestates</Filter>
    </ClCompile>
    <ClCompile Include="gamestates\LoadingSinglePlayerState.cpp">
      <Filter>gamestates</Filter>
    </ClCompile>
    <ClCompile Include="gamestates\LoadingState.cpp">
      <Filter>gamestates</Filter>
    </ClCompile>
    <ClCompile Include="gamestates\LoadingSurvivalState.cpp">
      <Filter>gamestates</Filter>
    </ClCompile>
    <ClCompile Include="gamestates\MainMenuState.cpp">
      <Filter>gamestates</Filter>
    </ClCompile>
    <ClCompile Include="gamestates\MenuState.cpp">
      <Filter>gamestates</Filter>
    </ClCompile>
    <ClCompile Include="gamestates\OptionsState.cpp">
      <Filter>gamestates</Filter>
    </ClCompile>
    <ClCompile Include="gamestates\PauseState.cpp">
      <Filter>gamestates</Filter>
    </ClCompile>
    <ClCompile Include="gamestates\PlayBackState.cpp">
      <Filter>gamestates</Filter>
    </ClCompile>
    <ClCompile Include="gamestates\PlayState.cpp">
      <Filter>gamestates</Filter>
    </ClCompile>
    <ClCompile Include="gamestates\ProgressDeleteState.cpp">
      <Filter>gamestates</Filter>
    </ClCompile>
    <ClCompile Include="gamestates\ProgressLoadState.cpp">
      <Filter>gamestates</Filter>
    </ClCompile>
    <ClCompile Include="gamestates\ProgressSaveState.cpp">
      <Filter>gamestates</Filter>
    </ClCompile>
    <ClCompile Include="gamestates\ProgressState.cpp">
      <Filter>gamestates</Filter>
    </ClCompile>
    <ClCompile Include="gamestates\SelectionState.cpp">
      <Filter>gamestates</Filter>
    </ClCompile>
    <ClCompile Include="gamestates\StatisticsState.cpp">
      <Filter>gamestates</Filter>
    </ClCompile>
    <ClCompile Include="gamestates\TutorialState.cpp">
      <Filter>gamestates</Filter>
    </ClCompile>
    <ClCompile Include="gamestates\UnlockedState.cpp">
      <Filter>gamestates</Filter>
    </ClCompile>
    <ClCompile Include="helperclasses\ConfigManager.cpp">
      <Filter>helperclasses</Filter>
    </ClCompile>
    <ClCompile Include="helperclasses\Editor.cpp">
      <Filter>helperclasses</Filter>
    </ClCompile>
    <ClCompile Include="helperclasses\HUD.cpp">
      <Filter>helperclasses</Filter>
    </ClCompile>
    <ClCompile Include="helperclasses\Menu.cpp">
      <Filter>helperclasses</Filter>
    </ClCompile>
    <ClCompile Include="helperclasses\MenuItem.cpp">
      <Filter>helperclasses</Filter>
    </ClCompile>
    <ClCompile Include="helperclasses\ProgressManager.cpp">
      <Filter>helperclasses</Filter>
    </ClCompile>
    <ClCompile Include="helperclasses\RandomGenerator.cpp">
      <Filter>helperclasses</Filter>
    </ClCompile>
    <ClCompile Include="helperclasses\Recorder.cpp">
      <Filter>helperclasses</Filter>
    </ClCompile>
    <ClCompile Include="helperclasses\menuitems\MenuTextItem.cpp">
      <Filter>helperclasses\menuitems</Filter>
    </ClCompile>
    <ClCompile Include="main.cpp" />
    <ClCompile Include="model\AICharacter.cpp">
      <Filter>model</Filter>
    </ClCompile>
    <ClCompile Include="model\Character.cpp">
      <Filter>model</Filter>
    </ClCompile>
    <ClCompile Include="model\Item.cpp">
      <Filter>model</Filter>
    </ClCompile>
    <ClCompile Include="model\MovablePlatform.cpp">
      <Filter>model</Filter>
    </ClCompile>
    <ClCompile Include="model\Platform.cpp">
      <Filter>model</Filter>
    </ClCompile>
    <ClCompile Include="model\Weapon.cpp">
      <Filter>model</Filter>
    </ClCompile>
  </ItemGroup>
</Project>