<?xml version="1.0" encoding="utf-8"?>
<Project ToolsVersion="4.0" xmlns="http://schemas.microsoft.com/developer/msbuild/2003">
  <ItemGroup>
    <Filter Include="Source Files">
      <UniqueIdentifier>{4FC737F1-C7A5-4376-A066-2A32D752A2FF}</UniqueIdentifier>
      <Extensions>cpp;c;cc;cxx;def;odl;idl;hpj;bat;asm;asmx</Extensions>
    </Filter>
    <Filter Include="Header Files">
      <UniqueIdentifier>{93995380-89BD-4b04-88EB-625FBE52EBFB}</UniqueIdentifier>
      <Extensions>h;hh;hpp;hxx;hm;inl;inc;xsd</Extensions>
    </Filter>
    <Filter Include="Resource Files">
      <UniqueIdentifier>{67DA6AB6-F800-4c08-8B7A-83BB121AAD01}</UniqueIdentifier>
      <Extensions>rc;ico;cur;bmp;dlg;rc2;rct;bin;rgs;gif;jpg;jpeg;jpe;resx;tiff;tif;png;wav;mfcribbon-ms</Extensions>
    </Filter>
    <Filter Include="Header Files\actions">
      <UniqueIdentifier>{5e24c187-e31c-42c7-b569-6df34a938b36}</UniqueIdentifier>
    </Filter>
    <Filter Include="Header Files\model">
      <UniqueIdentifier>{0a3a4dbf-05a7-46bc-a9af-4e63d6fdd0a8}</UniqueIdentifier>
    </Filter>
    <Filter Include="Header Files\engine">
      <UniqueIdentifier>{29323887-866b-4423-ad2e-7b41fe06ad29}</UniqueIdentifier>
    </Filter>
    <Filter Include="Header Files\gamestates">
      <UniqueIdentifier>{59782ecc-f706-4a8d-8f16-b9b323776627}</UniqueIdentifier>
    </Filter>
    <Filter Include="Header Files\engine\audio">
      <UniqueIdentifier>{a68436c5-2751-4fc5-96b1-2c7400ef1fbf}</UniqueIdentifier>
    </Filter>
    <Filter Include="Header Files\engine\drawing">
      <UniqueIdentifier>{d1eae4ab-a653-4eb7-afdb-451ba0901621}</UniqueIdentifier>
    </Filter>
    <Filter Include="Header Files\engine\input">
      <UniqueIdentifier>{3878fb6b-254c-4b33-97fe-378382e70c29}</UniqueIdentifier>
    </Filter>
    <Filter Include="Header Files\engine\physics">
      <UniqueIdentifier>{f822fc03-f48d-4d25-a775-3f489fd3e21b}</UniqueIdentifier>
    </Filter>
    <Filter Include="Source Files\actions">
      <UniqueIdentifier>{d428b716-324f-4e5a-8018-bc4f38479a56}</UniqueIdentifier>
    </Filter>
    <Filter Include="Source Files\model">
      <UniqueIdentifier>{550bdeee-a486-4e65-997c-5cdd40355a98}</UniqueIdentifier>
    </Filter>
    <Filter Include="Source Files\engine">
      <UniqueIdentifier>{9b3f3f98-359d-444f-aeb5-5eba681bd081}</UniqueIdentifier>
    </Filter>
    <Filter Include="Source Files\gamestates">
      <UniqueIdentifier>{220cac51-c139-4ba9-9bf4-385fe4b982e1}</UniqueIdentifier>
    </Filter>
    <Filter Include="Source Files\engine\audio">
      <UniqueIdentifier>{7a3c2d2a-a313-4484-906f-9065e1293b3a}</UniqueIdentifier>
    </Filter>
    <Filter Include="Source Files\engine\drawing">
      <UniqueIdentifier>{c3f93732-958f-46ce-8af2-c30d1739b8e7}</UniqueIdentifier>
    </Filter>
    <Filter Include="Source Files\engine\input">
      <UniqueIdentifier>{90248200-07e5-43e0-b317-804a5158813a}</UniqueIdentifier>
    </Filter>
    <Filter Include="Source Files\engine\physics">
      <UniqueIdentifier>{bdc1cfa9-ed1a-4962-b5a9-f156a9640d2c}</UniqueIdentifier>
    </Filter>
    <Filter Include="Source Files\engine\util">
      <UniqueIdentifier>{0c20421c-9028-4eaa-9e42-3c7469e9e5d3}</UniqueIdentifier>
    </Filter>
    <Filter Include="Header Files\engine\util">
      <UniqueIdentifier>{c7844baf-d3ae-4cf4-813e-63b35ae480f5}</UniqueIdentifier>
    </Filter>
    <Filter Include="Header Files\factories">
      <UniqueIdentifier>{92e14692-45b6-4ec5-91bf-0f4cf9d5eeab}</UniqueIdentifier>
    </Filter>
    <Filter Include="Source Files\factories">
      <UniqueIdentifier>{2f6a620d-8711-4076-a05c-49aeeddbf37b}</UniqueIdentifier>
    </Filter>
    <Filter Include="Source Files\helperclasses">
      <UniqueIdentifier>{45dea1e7-d206-4ca5-ab69-65cbeb2d5f50}</UniqueIdentifier>
    </Filter>
    <Filter Include="Header Files\helperclasses">
      <UniqueIdentifier>{a8c6550a-4274-49e5-b525-d962c81528d5}</UniqueIdentifier>
    </Filter>
    <Filter Include="Header Files\helperclasses\menuitems">
      <UniqueIdentifier>{f44ddd91-20ae-482b-9916-3413093e359e}</UniqueIdentifier>
    </Filter>
    <Filter Include="Source Files\helperclasses\menuitems">
      <UniqueIdentifier>{052c3cde-1d21-4705-ac35-d179f0629060}</UniqueIdentifier>
    </Filter>
  </ItemGroup>
  <ItemGroup>
    <ClCompile Include="main.cpp">
      <Filter>Source Files</Filter>
    </ClCompile>
    <ClCompile Include="Game.cpp">
      <Filter>Source Files</Filter>
    </ClCompile>
    <ClCompile Include="actions\LeftWalkAction.cpp">
      <Filter>Source Files\actions</Filter>
    </ClCompile>
    <ClCompile Include="actions\JumpAction.cpp">
      <Filter>Source Files\actions</Filter>
    </ClCompile>
    <ClCompile Include="actions\RightWalkAction.cpp">
      <Filter>Source Files\actions</Filter>
    </ClCompile>
    <ClCompile Include="model\AICharacter.cpp">
      <Filter>Source Files\model</Filter>
    </ClCompile>
    <ClCompile Include="model\Character.cpp">
      <Filter>Source Files\model</Filter>
    </ClCompile>
    <ClCompile Include="model\Item.cpp">
      <Filter>Source Files\model</Filter>
    </ClCompile>
    <ClCompile Include="model\Platform.cpp">
      <Filter>Source Files\model</Filter>
    </ClCompile>
    <ClCompile Include="model\Weapon.cpp">
      <Filter>Source Files\model</Filter>
    </ClCompile>
    <ClCompile Include="gamestates\CharacterSelectionState.cpp">
      <Filter>Source Files\gamestates</Filter>
    </ClCompile>
    <ClCompile Include="gamestates\GameOverState.cpp">
      <Filter>Source Files\gamestates</Filter>
    </ClCompile>
    <ClCompile Include="gamestates\IntroState.cpp">
      <Filter>Source Files\gamestates</Filter>
    </ClCompile>
    <ClCompile Include="gamestates\LoadingState.cpp">
      <Filter>Source Files\gamestates</Filter>
    </ClCompile>
    <ClCompile Include="gamestates\MainMenuState.cpp">
      <Filter>Source Files\gamestates</Filter>
    </ClCompile>
    <ClCompile Include="gamestates\MenuState.cpp">
      <Filter>Source Files\gamestates</Filter>
    </ClCompile>
    <ClCompile Include="gamestates\PauseState.cpp">
      <Filter>Source Files\gamestates</Filter>
    </ClCompile>
    <ClCompile Include="gamestates\PlayState.cpp">
      <Filter>Source Files\gamestates</Filter>
    </ClCompile>
    <ClCompile Include="gamestates\SelectionState.cpp">
      <Filter>Source Files\gamestates</Filter>
    </ClCompile>
    <ClCompile Include="engine\audio\AudioEngine.cpp">
      <Filter>Source Files\engine\audio</Filter>
    </ClCompile>
    <ClCompile Include="engine\drawing\DrawEngine.cpp">
      <Filter>Source Files\engine\drawing</Filter>
    </ClCompile>
    <ClCompile Include="engine\Engine.cpp">
      <Filter>Source Files\engine</Filter>
    </ClCompile>
    <ClCompile Include="engine\GameBase.cpp">
      <Filter>Source Files\engine</Filter>
    </ClCompile>
    <ClCompile Include="engine\GameObject.cpp">
      <Filter>Source Files\engine</Filter>
    </ClCompile>
    <ClCompile Include="engine\GameStateManager.cpp">
      <Filter>Source Files\engine</Filter>
    </ClCompile>
    <ClCompile Include="engine\GameTime.cpp">
      <Filter>Source Files\engine</Filter>
    </ClCompile>
    <ClCompile Include="engine\MovableGameObject.cpp">
      <Filter>Source Files\engine</Filter>
    </ClCompile>
    <ClCompile Include="engine\World.cpp">
      <Filter>Source Files\engine</Filter>
    </ClCompile>
    <ClCompile Include="engine\physics\PhysicsEngine.cpp">
      <Filter>Source Files\engine\physics</Filter>
    </ClCompile>
    <ClCompile Include="engine\input\InputEngine.cpp">
      <Filter>Source Files\engine\input</Filter>
    </ClCompile>
    <ClCompile Include="engine\input\InputDeviceBinding.cpp">
      <Filter>Source Files\engine\input</Filter>
    </ClCompile>
    <ClCompile Include="engine\drawing\Rectangle.cpp">
      <Filter>Source Files\engine\drawing</Filter>
    </ClCompile>
    <ClCompile Include="gamestates\LevelSelectionState.cpp">
      <Filter>Source Files\gamestates</Filter>
    </ClCompile>
    <ClCompile Include="engine\drawing\Surface.cpp">
      <Filter>Source Files\engine\drawing</Filter>
    </ClCompile>
    <ClCompile Include="engine\physics\PhysicsEngineActionHandler.cpp">
      <Filter>Source Files\engine\physics</Filter>
    </ClCompile>
    <ClCompile Include="engine\physics\KinematicBody.cpp">
      <Filter>Source Files\engine\physics</Filter>
    </ClCompile>
    <ClCompile Include="engine\physics\ContactListener.cpp">
      <Filter>Source Files\engine\physics</Filter>
    </ClCompile>
    <ClCompile Include="engine\util\FileParser.cpp">
      <Filter>Source Files\engine\util</Filter>
    </ClCompile>
    <ClCompile Include="engine\drawing\TextSurface.cpp">
      <Filter>Source Files\engine\drawing</Filter>
    </ClCompile>
    <ClCompile Include="factories\CharacterFactory.cpp">
      <Filter>Source Files\factories</Filter>
    </ClCompile>
    <ClCompile Include="helperclasses\menuitems\MenuTextItem.cpp">
      <Filter>Source Files\helperclasses\menuitems</Filter>
    </ClCompile>
    <ClCompile Include="helperclasses\Menu.cpp">
      <Filter>Source Files\helperclasses</Filter>
    </ClCompile>
    <ClCompile Include="helperclasses\MenuItem.cpp">
      <Filter>Source Files\helperclasses</Filter>
    </ClCompile>
    <ClCompile Include="actions\CharacterAction.cpp">
      <Filter>Source Files\actions</Filter>
    </ClCompile>
    <ClCompile Include="engine\input\Joystick.cpp">
      <Filter>Source Files\engine\input</Filter>
    </ClCompile>
    <ClCompile Include="actions\RollAction.cpp">
      <Filter>Source Files\actions</Filter>
    </ClCompile>
    <ClCompile Include="actions\RespawnAction.cpp">
      <Filter>Source Files\actions</Filter>
    </ClCompile>
    <ClCompile Include="model\MovablePlatform.cpp">
      <Filter>Source Files\model</Filter>
    </ClCompile>
    <ClCompile Include="gamestates\CreditsState.cpp">
      <Filter>Source Files\gamestates</Filter>
    </ClCompile>
    <ClCompile Include="gamestates\HelpState.cpp">
      <Filter>Source Files\gamestates</Filter>
    </ClCompile>
    <ClCompile Include="engine\audio\SampleObject.cpp">
      <Filter>Source Files\engine\audio</Filter>
    </ClCompile>
    <ClCompile Include="engine\audio\MusicObject.cpp">
      <Filter>Source Files\engine\audio</Filter>
    </ClCompile>
    <ClCompile Include="helperclasses\HUD.cpp">
      <Filter>Source Files\helperclasses</Filter>
    </ClCompile>
  </ItemGroup>
  <ItemGroup>
    <ClInclude Include="actions\JumpAction.h">
      <Filter>Header Files\actions</Filter>
    </ClInclude>
    <ClInclude Include="actions\LeftWalkAction.h">
      <Filter>Header Files\actions</Filter>
    </ClInclude>
    <ClInclude Include="actions\RightWalkAction.h">
      <Filter>Header Files\actions</Filter>
    </ClInclude>
    <ClInclude Include="gamestates\CharacterSelectionState.h">
      <Filter>Header Files\gamestates</Filter>
    </ClInclude>
    <ClInclude Include="gamestates\IntroState.h">
      <Filter>Header Files\gamestates</Filter>
    </ClInclude>
    <ClInclude Include="gamestates\LoadingState.h">
      <Filter>Header Files\gamestates</Filter>
    </ClInclude>
    <ClInclude Include="gamestates\MainMenuState.h">
      <Filter>Header Files\gamestates</Filter>
    </ClInclude>
    <ClInclude Include="gamestates\MenuState.h">
      <Filter>Header Files\gamestates</Filter>
    </ClInclude>
    <ClInclude Include="gamestates\PauseState.h">
      <Filter>Header Files\gamestates</Filter>
    </ClInclude>
    <ClInclude Include="gamestates\PlayState.h">
      <Filter>Header Files\gamestates</Filter>
    </ClInclude>
    <ClInclude Include="gamestates\SelectionState.h">
      <Filter>Header Files\gamestates</Filter>
    </ClInclude>
    <ClInclude Include="model\AICharacter.h">
      <Filter>Header Files\model</Filter>
    </ClInclude>
    <ClInclude Include="model\Character.h">
      <Filter>Header Files\model</Filter>
    </ClInclude>
    <ClInclude Include="model\Item.h">
      <Filter>Header Files\model</Filter>
    </ClInclude>
    <ClInclude Include="model\Platform.h">
      <Filter>Header Files\model</Filter>
    </ClInclude>
    <ClInclude Include="model\CharacterState.h">
      <Filter>Header Files\model</Filter>
    </ClInclude>
    <ClInclude Include="model\Weapon.h">
      <Filter>Header Files\model</Filter>
    </ClInclude>
    <ClInclude Include="engine\audio\AudioEngine.h">
      <Filter>Header Files\engine\audio</Filter>
    </ClInclude>
    <ClInclude Include="engine\drawing\DrawEngine.h">
      <Filter>Header Files\engine\drawing</Filter>
    </ClInclude>
    <ClInclude Include="engine\drawing\Rectangle.h">
      <Filter>Header Files\engine\drawing</Filter>
    </ClInclude>
    <ClInclude Include="engine\drawing\Surface.h">
      <Filter>Header Files\engine\drawing</Filter>
    </ClInclude>
    <ClInclude Include="engine\input\InputDeviceBinding.h">
      <Filter>Header Files\engine\input</Filter>
    </ClInclude>
    <ClInclude Include="engine\input\InputEngine.h">
      <Filter>Header Files\engine\input</Filter>
    </ClInclude>
    <ClInclude Include="engine\input\Action.h">
      <Filter>Header Files\engine\input</Filter>
    </ClInclude>
    <ClInclude Include="engine\physics\PhysicsEngine.h">
      <Filter>Header Files\engine\physics</Filter>
    </ClInclude>
    <ClInclude Include="engine\MovableGameObject.h">
      <Filter>Header Files\engine</Filter>
    </ClInclude>
    <ClInclude Include="engine\Direction.h">
      <Filter>Header Files\engine</Filter>
    </ClInclude>
    <ClInclude Include="engine\Engine.h">
      <Filter>Header Files\engine</Filter>
    </ClInclude>
    <ClInclude Include="engine\GameBase.h">
      <Filter>Header Files\engine</Filter>
    </ClInclude>
    <ClInclude Include="engine\GameObject.h">
      <Filter>Header Files\engine</Filter>
    </ClInclude>
    <ClInclude Include="engine\GameState.h">
      <Filter>Header Files\engine</Filter>
    </ClInclude>
    <ClInclude Include="engine\GameStateManager.h">
      <Filter>Header Files\engine</Filter>
    </ClInclude>
    <ClInclude Include="engine\GameTime.h">
      <Filter>Header Files\engine</Filter>
    </ClInclude>
    <ClInclude Include="engine\World.h">
      <Filter>Header Files\engine</Filter>
    </ClInclude>
    <ClInclude Include="gamestates\GameOverState.h">
      <Filter>Header Files\gamestates</Filter>
    </ClInclude>
    <ClInclude Include="gamestates\LevelSelectionState.h">
      <Filter>Header Files\gamestates</Filter>
    </ClInclude>
    <ClInclude Include="Game.h">
      <Filter>Header Files</Filter>
    </ClInclude>
    <ClInclude Include="engine\physics\PhysicsEngineActionHandler.h">
      <Filter>Header Files\engine\physics</Filter>
    </ClInclude>
    <ClInclude Include="engine\physics\ContactListener.h">
      <Filter>Header Files\engine\physics</Filter>
    </ClInclude>
    <ClInclude Include="engine\physics\KinematicBody.h">
      <Filter>Header Files\engine\physics</Filter>
    </ClInclude>
    <ClInclude Include="engine\util\FileParser.h">
      <Filter>Header Files\engine\util</Filter>
    </ClInclude>
    <ClInclude Include="engine\drawing\TextSurface.h">
      <Filter>Header Files\engine\drawing</Filter>
    </ClInclude>
    <ClInclude Include="factories\CharacterFactory.h">
      <Filter>Header Files\factories</Filter>
    </ClInclude>
    <ClInclude Include="helperclasses\menuitems\MenuTextItem.h">
      <Filter>Header Files\helperclasses\menuitems</Filter>
    </ClInclude>
    <ClInclude Include="helperclasses\Menu.h">
      <Filter>Header Files\helperclasses</Filter>
    </ClInclude>
    <ClInclude Include="helperclasses\MenuItem.h">
      <Filter>Header Files\helperclasses</Filter>
    </ClInclude>
    <ClInclude Include="actions\Actions.h">
      <Filter>Header Files\actions</Filter>
    </ClInclude>
    <ClInclude Include="actions\CharacterAction.h">
      <Filter>Header Files\actions</Filter>
    </ClInclude>
    <ClInclude Include="engine\input\Joystick.h">
      <Filter>Header Files\engine\input</Filter>
    </ClInclude>
    <ClInclude Include="actions\RollAction.h">
      <Filter>Header Files\actions</Filter>
    </ClInclude>
    <ClInclude Include="model\MovablePlatform.h">
      <Filter>Header Files</Filter>
    </ClInclude>
    <ClInclude Include="actions\RespawnAction.h">
      <Filter>Header Files\actions</Filter>
    </ClInclude>
    <ClInclude Include="resource.h">
      <Filter>Header Files</Filter>
    </ClInclude>
    <ClInclude Include="resource1.h">
      <Filter>Header Files</Filter>
    </ClInclude>
    <ClInclude Include="gamestates\CreditsState.h">
      <Filter>Header Files\gamestates</Filter>
    </ClInclude>
    <ClInclude Include="gamestates\HelpState.h">
      <Filter>Header Files\gamestates</Filter>
    </ClInclude>
    <ClInclude Include="engine\audio\AudioObject.h">
      <Filter>Header Files\engine\audio</Filter>
    </ClInclude>
    <ClInclude Include="engine\audio\MusicObject.h">
      <Filter>Header Files\engine\audio</Filter>
    </ClInclude>
    <ClInclude Include="engine\audio\SampleObject.h">
      <Filter>Header Files\engine\audio</Filter>
    </ClInclude>
    <ClInclude Include="helperclasses\HUD.h">
      <Filter>Header Files\helperclasses</Filter>
    </ClInclude>
  </ItemGroup>
  <ItemGroup>
    <ResourceCompile Include="sdmg.rc">
      <Filter>Resource Files</Filter>
    </ResourceCompile>
  </ItemGroup>
  <ItemGroup>
    <Image Include="..\Deploy\favicon.ico">
      <Filter>Resource Files</Filter>
    </Image>
  </ItemGroup>
</Project>